
Microsoft Visual Studio Solution File, Format Version 12.00
# Visual Studio Version 16
VisualStudioVersion = 16.0.30621.155
MinimumVisualStudioVersion = 10.0.40219.1
Project("{FAE04EC0-301F-11D3-BF4B-00C04F79EFBC}") = "Ravikumar_Ilakkiya_Assignment2_MS806", "Ravikumar_Ilakkiya_Assignment2_MS806\Ravikumar_Ilakkiya_Assignment2_MS806.csproj", "{BB60171A-E99B-4BF3-802C-5186CE45AC58}"
EndProject
Global
	GlobalSection(SolutionConfigurationPlatforms) = preSolution
		Debug|Any CPU = Debug|Any CPU
		Release|Any CPU = Release|Any CPU
	EndGlobalSection
	GlobalSection(ProjectConfigurationPlatforms) = postSolution
		{BB60171A-E99B-4BF3-802C-5186CE45AC58}.Debug|Any CPU.ActiveCfg = Debug|Any CPU
		{BB60171A-E99B-4BF3-802C-5186CE45AC58}.Debug|Any CPU.Build.0 = Debug|Any CPU
		{BB60171A-E99B-4BF3-802C-5186CE45AC58}.Release|Any CPU.ActiveCfg = Release|Any CPU
		{BB60171A-E99B-4BF3-802C-5186CE45AC58}.Release|Any CPU.Build.0 = Release|Any CPU
	EndGlobalSection
	GlobalSection(SolutionProperties) = preSolution
		HideSolutionNode = FALSE
	EndGlobalSection
	GlobalSection(ExtensibilityGlobals) = postSolution
		SolutionGuid = {61C5AD81-F69F-4CAF-87C1-4ED9247DC6B3}
	EndGlobalSection
EndGlobal
